
Microsoft Visual Studio Solution File, Format Version 12.00
# Visual Studio 14
VisualStudioVersion = 14.0.25420.1
MinimumVisualStudioVersion = 10.0.40219.1
Project("{FAE04EC0-301F-11D3-BF4B-00C04F79EFBC}") = "SchulVw.App", "SchulVw.App\SchulVw.App.csproj", "{2D5D861F-7D9C-4A85-8945-E4D433FFFDA0}"
EndProject
Project("{FAE04EC0-301F-11D3-BF4B-00C04F79EFBC}") = "SchulVw.Model", "SchulVw.Model\SchulVw.Model.csproj", "{81B5E764-21A1-4845-A3D0-C9A829FFDC8D}"
EndProject
Project("{FAE04EC0-301F-11D3-BF4B-00C04F79EFBC}") = "SchulVw.Test", "SchulVw.Test\SchulVw.Test.csproj", "{A4C0CB7A-A668-4174-9D82-ECF196CA8AB9}"
EndProject
Global
	GlobalSection(SolutionConfigurationPlatforms) = preSolution
		Debug|Any CPU = Debug|Any CPU
		Release|Any CPU = Release|Any CPU
	EndGlobalSection
	GlobalSection(ProjectConfigurationPlatforms) = postSolution
		{2D5D861F-7D9C-4A85-8945-E4D433FFFDA0}.Debug|Any CPU.ActiveCfg = Debug|Any CPU
		{2D5D861F-7D9C-4A85-8945-E4D433FFFDA0}.Debug|Any CPU.Build.0 = Debug|Any CPU
		{2D5D861F-7D9C-4A85-8945-E4D433FFFDA0}.Release|Any CPU.ActiveCfg = Release|Any CPU
		{2D5D861F-7D9C-4A85-8945-E4D433FFFDA0}.Release|Any CPU.Build.0 = Release|Any CPU
		{81B5E764-21A1-4845-A3D0-C9A829FFDC8D}.Debug|Any CPU.ActiveCfg = Debug|Any CPU
		{81B5E764-21A1-4845-A3D0-C9A829FFDC8D}.Debug|Any CPU.Build.0 = Debug|Any CPU
		{81B5E764-21A1-4845-A3D0-C9A829FFDC8D}.Release|Any CPU.ActiveCfg = Release|Any CPU
		{81B5E764-21A1-4845-A3D0-C9A829FFDC8D}.Release|Any CPU.Build.0 = Release|Any CPU
		{A4C0CB7A-A668-4174-9D82-ECF196CA8AB9}.Debug|Any CPU.ActiveCfg = Debug|Any CPU
		{A4C0CB7A-A668-4174-9D82-ECF196CA8AB9}.Debug|Any CPU.Build.0 = Debug|Any CPU
		{A4C0CB7A-A668-4174-9D82-ECF196CA8AB9}.Release|Any CPU.ActiveCfg = Release|Any CPU
		{A4C0CB7A-A668-4174-9D82-ECF196CA8AB9}.Release|Any CPU.Build.0 = Release|Any CPU
	EndGlobalSection
	GlobalSection(SolutionProperties) = preSolution
		HideSolutionNode = FALSE
	EndGlobalSection
EndGlobal
